
Microsoft Visual Studio Solution File, Format Version 12.00
# Visual Studio Version 16
VisualStudioVersion = 16.0.29230.47
MinimumVisualStudioVersion = 10.0.40219.1
Project("{FAE04EC0-301F-11D3-BF4B-00C04F79EFBC}") = "NuGetCleaner", "NuGetCleaner\NuGetCleaner.csproj", "{7A5AC6CF-FC9B-4904-811F-20DA4CF2661E}"
EndProject
Global
	GlobalSection(SolutionConfigurationPlatforms) = preSolution
		Debug|Any CPU = Debug|Any CPU
		Release|Any CPU = Release|Any CPU
	EndGlobalSection
	GlobalSection(ProjectConfigurationPlatforms) = postSolution
		{7A5AC6CF-FC9B-4904-811F-20DA4CF2661E}.Debug|Any CPU.ActiveCfg = Debug|Any CPU
		{7A5AC6CF-FC9B-4904-811F-20DA4CF2661E}.Debug|Any CPU.Build.0 = Debug|Any CPU
		{7A5AC6CF-FC9B-4904-811F-20DA4CF2661E}.Release|Any CPU.ActiveCfg = Release|Any CPU
		{7A5AC6CF-FC9B-4904-811F-20DA4CF2661E}.Release|Any CPU.Build.0 = Release|Any CPU
	EndGlobalSection
	GlobalSection(SolutionProperties) = preSolution
		HideSolutionNode = FALSE
	EndGlobalSection
	GlobalSection(ExtensibilityGlobals) = postSolution
		SolutionGuid = {2E908518-7DF3-4925-8998-1332DA0C6B40}
	EndGlobalSection
EndGlobal
